// !$*UTF8*$!
{
	archiveVersion = 1;
	classes = {
	};
	objectVersion = 50;
	objects = {

/* Begin PBXBuildFile section */
		5F173E5123DCBBDB00433C33 /* GridState.swift in Sources */ = {isa = PBXBuildFile; fileRef = 5F173E5023DCBBDB00433C33 /* GridState.swift */; };
		5F173E5323DF4BED00433C33 /* Animatable.swift in Sources */ = {isa = PBXBuildFile; fileRef = 5F173E5223DF4BED00433C33 /* Animatable.swift */; };
		5F935D4D23DA4BB300CE768E /* AppDelegate.swift in Sources */ = {isa = PBXBuildFile; fileRef = 5F935D4C23DA4BB300CE768E /* AppDelegate.swift */; };
		5F935D4F23DA4BB300CE768E /* SceneDelegate.swift in Sources */ = {isa = PBXBuildFile; fileRef = 5F935D4E23DA4BB300CE768E /* SceneDelegate.swift */; };
		5F935D5623DA4BB900CE768E /* Assets.xcassets in Resources */ = {isa = PBXBuildFile; fileRef = 5F935D5523DA4BB900CE768E /* Assets.xcassets */; };
		5F935D5923DA4BB900CE768E /* LaunchScreen.storyboard in Resources */ = {isa = PBXBuildFile; fileRef = 5F935D5723DA4BB900CE768E /* LaunchScreen.storyboard */; };
		5F935D6123DA4D7200CE768E /* GridViewModel.swift in Sources */ = {isa = PBXBuildFile; fileRef = 5F935D6023DA4D7100CE768E /* GridViewModel.swift */; };
		5F935D6323DA4E2600CE768E /* UniqueMinHeap.swift in Sources */ = {isa = PBXBuildFile; fileRef = 5F935D6223DA4E2600CE768E /* UniqueMinHeap.swift */; };
		5F935D6723DBB3D600CE768E /* GridView.swift in Sources */ = {isa = PBXBuildFile; fileRef = 5F935D6623DBB3D600CE768E /* GridView.swift */; };
		5F935D6923DBB41C00CE768E /* Position.swift in Sources */ = {isa = PBXBuildFile; fileRef = 5F935D6823DBB41C00CE768E /* Position.swift */; };
		5F935D6B23DBB4A100CE768E /* GridViewController.swift in Sources */ = {isa = PBXBuildFile; fileRef = 5F935D6A23DBB4A100CE768E /* GridViewController.swift */; };
		5F935D6D23DBB4E900CE768E /* GridViewRepresentable.swift in Sources */ = {isa = PBXBuildFile; fileRef = 5F935D6C23DBB4E900CE768E /* GridViewRepresentable.swift */; };
		5F935D6F23DBB84C00CE768E /* UIColor+Extensions.swift in Sources */ = {isa = PBXBuildFile; fileRef = 5F935D6E23DBB84C00CE768E /* UIColor+Extensions.swift */; };
		5F935D7123DBB93B00CE768E /* DijkstrasController.swift in Sources */ = {isa = PBXBuildFile; fileRef = 5F935D7023DBB93B00CE768E /* DijkstrasController.swift */; };
		5F935D7323DBCD2400CE768E /* PathFinderProtocol.swift in Sources */ = {isa = PBXBuildFile; fileRef = 5F935D7223DBCD2400CE768E /* PathFinderProtocol.swift */; };
/* End PBXBuildFile section */

/* Begin PBXFileReference section */
		5F173E5023DCBBDB00433C33 /* GridState.swift */ = {isa = PBXFileReference; lastKnownFileType = sourcecode.swift; path = GridState.swift; sourceTree = "<group>"; };
		5F173E5223DF4BED00433C33 /* Animatable.swift */ = {isa = PBXFileReference; lastKnownFileType = sourcecode.swift; path = Animatable.swift; sourceTree = "<group>"; };
		5F935D4923DA4BB300CE768E /* PathFinder.app */ = {isa = PBXFileReference; explicitFileType = wrapper.application; includeInIndex = 0; path = PathFinder.app; sourceTree = BUILT_PRODUCTS_DIR; };
		5F935D4C23DA4BB300CE768E /* AppDelegate.swift */ = {isa = PBXFileReference; lastKnownFileType = sourcecode.swift; path = AppDelegate.swift; sourceTree = "<group>"; };
		5F935D4E23DA4BB300CE768E /* SceneDelegate.swift */ = {isa = PBXFileReference; lastKnownFileType = sourcecode.swift; path = SceneDelegate.swift; sourceTree = "<group>"; };
		5F935D5523DA4BB900CE768E /* Assets.xcassets */ = {isa = PBXFileReference; lastKnownFileType = folder.assetcatalog; path = Assets.xcassets; sourceTree = "<group>"; };
		5F935D5823DA4BB900CE768E /* Base */ = {isa = PBXFileReference; lastKnownFileType = file.storyboard; name = Base; path = Base.lproj/LaunchScreen.storyboard; sourceTree = "<group>"; };
		5F935D5A23DA4BB900CE768E /* Info.plist */ = {isa = PBXFileReference; lastKnownFileType = text.plist.xml; path = Info.plist; sourceTree = "<group>"; };
		5F935D6023DA4D7100CE768E /* GridViewModel.swift */ = {isa = PBXFileReference; lastKnownFileType = sourcecode.swift; path = GridViewModel.swift; sourceTree = "<group>"; };
		5F935D6223DA4E2600CE768E /* UniqueMinHeap.swift */ = {isa = PBXFileReference; lastKnownFileType = sourcecode.swift; path = UniqueMinHeap.swift; sourceTree = "<group>"; };
		5F935D6623DBB3D600CE768E /* GridView.swift */ = {isa = PBXFileReference; lastKnownFileType = sourcecode.swift; path = GridView.swift; sourceTree = "<group>"; };
		5F935D6823DBB41C00CE768E /* Position.swift */ = {isa = PBXFileReference; lastKnownFileType = sourcecode.swift; path = Position.swift; sourceTree = "<group>"; };
		5F935D6A23DBB4A100CE768E /* GridViewController.swift */ = {isa = PBXFileReference; lastKnownFileType = sourcecode.swift; path = GridViewController.swift; sourceTree = "<group>"; };
		5F935D6C23DBB4E900CE768E /* GridViewRepresentable.swift */ = {isa = PBXFileReference; lastKnownFileType = sourcecode.swift; path = GridViewRepresentable.swift; sourceTree = "<group>"; };
		5F935D6E23DBB84C00CE768E /* UIColor+Extensions.swift */ = {isa = PBXFileReference; lastKnownFileType = sourcecode.swift; path = "UIColor+Extensions.swift"; sourceTree = "<group>"; };
		5F935D7023DBB93B00CE768E /* DijkstrasController.swift */ = {isa = PBXFileReference; lastKnownFileType = sourcecode.swift; path = DijkstrasController.swift; sourceTree = "<group>"; };
		5F935D7223DBCD2400CE768E /* PathFinderProtocol.swift */ = {isa = PBXFileReference; lastKnownFileType = sourcecode.swift; path = PathFinderProtocol.swift; sourceTree = "<group>"; };
/* End PBXFileReference section */

/* Begin PBXFrameworksBuildPhase section */
		5F935D4623DA4BB300CE768E /* Frameworks */ = {
			isa = PBXFrameworksBuildPhase;
			buildActionMask = 2147483647;
			files = (
			);
			runOnlyForDeploymentPostprocessing = 0;
		};
/* End PBXFrameworksBuildPhase section */

/* Begin PBXGroup section */
		5F935D4023DA4BB300CE768E = {
			isa = PBXGroup;
			children = (
				5F935D4B23DA4BB300CE768E /* PathFinder */,
				5F935D4A23DA4BB300CE768E /* Products */,
			);
			sourceTree = "<group>";
		};
		5F935D4A23DA4BB300CE768E /* Products */ = {
			isa = PBXGroup;
			children = (
				5F935D4923DA4BB300CE768E /* PathFinder.app */,
			);
			name = Products;
			sourceTree = "<group>";
		};
		5F935D4B23DA4BB300CE768E /* PathFinder */ = {
			isa = PBXGroup;
			children = (
				5F935D4C23DA4BB300CE768E /* AppDelegate.swift */,
				5F935D4E23DA4BB300CE768E /* SceneDelegate.swift */,
				5F173E5023DCBBDB00433C33 /* GridState.swift */,
				5F935D6823DBB41C00CE768E /* Position.swift */,
				5F935D6623DBB3D600CE768E /* GridView.swift */,
				5F935D6A23DBB4A100CE768E /* GridViewController.swift */,
				5F935D6023DA4D7100CE768E /* GridViewModel.swift */,
				5F935D6C23DBB4E900CE768E /* GridViewRepresentable.swift */,
				5F173E5223DF4BED00433C33 /* Animatable.swift */,
				5F935D7223DBCD2400CE768E /* PathFinderProtocol.swift */,
				5F935D7023DBB93B00CE768E /* DijkstrasController.swift */,
				5F935D6223DA4E2600CE768E /* UniqueMinHeap.swift */,
				5F935D6E23DBB84C00CE768E /* UIColor+Extensions.swift */,
				5F935D5523DA4BB900CE768E /* Assets.xcassets */,
				5F935D5723DA4BB900CE768E /* LaunchScreen.storyboard */,
				5F935D5A23DA4BB900CE768E /* Info.plist */,
			);
			path = PathFinder;
			sourceTree = "<group>";
		};
/* End PBXGroup section */

/* Begin PBXNativeTarget section */
		5F935D4823DA4BB300CE768E /* PathFinder */ = {
			isa = PBXNativeTarget;
			buildConfigurationList = 5F935D5D23DA4BB900CE768E /* Build configuration list for PBXNativeTarget "PathFinder" */;
			buildPhases = (
				5F935D4523DA4BB300CE768E /* Sources */,
				5F935D4623DA4BB300CE768E /* Frameworks */,
				5F935D4723DA4BB300CE768E /* Resources */,
			);
			buildRules = (
			);
			dependencies = (
			);
			name = PathFinder;
			productName = PathFinder;
			productReference = 5F935D4923DA4BB300CE768E /* PathFinder.app */;
			productType = "com.apple.product-type.application";
		};
/* End PBXNativeTarget section */

/* Begin PBXProject section */
		5F935D4123DA4BB300CE768E /* Project object */ = {
			isa = PBXProject;
			attributes = {
				LastSwiftUpdateCheck = 1130;
				LastUpgradeCheck = 1130;
				ORGANIZATIONNAME = "Edward Samson";
				TargetAttributes = {
					5F935D4823DA4BB300CE768E = {
						CreatedOnToolsVersion = 11.3.1;
					};
				};
			};
			buildConfigurationList = 5F935D4423DA4BB300CE768E /* Build configuration list for PBXProject "PathFinder" */;
			compatibilityVersion = "Xcode 9.3";
			developmentRegion = en;
			hasScannedForEncodings = 0;
			knownRegions = (
				en,
				Base,
			);
			mainGroup = 5F935D4023DA4BB300CE768E;
			productRefGroup = 5F935D4A23DA4BB300CE768E /* Products */;
			projectDirPath = "";
			projectRoot = "";
			targets = (
				5F935D4823DA4BB300CE768E /* PathFinder */,
			);
		};
/* End PBXProject section */

/* Begin PBXResourcesBuildPhase section */
		5F935D4723DA4BB300CE768E /* Resources */ = {
			isa = PBXResourcesBuildPhase;
			buildActionMask = 2147483647;
			files = (
				5F935D5923DA4BB900CE768E /* LaunchScreen.storyboard in Resources */,
				5F935D5623DA4BB900CE768E /* Assets.xcassets in Resources */,
			);
			runOnlyForDeploymentPostprocessing = 0;
		};
/* End PBXResourcesBuildPhase section */

/* Begin PBXSourcesBuildPhase section */
		5F935D4523DA4BB300CE768E /* Sources */ = {
			isa = PBXSourcesBuildPhase;
			buildActionMask = 2147483647;
			files = (
				5F935D6B23DBB4A100CE768E /* GridViewController.swift in Sources */,
				5F935D7123DBB93B00CE768E /* DijkstrasController.swift in Sources */,
				5F935D6F23DBB84C00CE768E /* UIColor+Extensions.swift in Sources */,
				5F935D6923DBB41C00CE768E /* Position.swift in Sources */,
				5F935D6D23DBB4E900CE768E /* GridViewRepresentable.swift in Sources */,
				5F935D7323DBCD2400CE768E /* PathFinderProtocol.swift in Sources */,
				5F173E5123DCBBDB00433C33 /* GridState.swift in Sources */,
				5F935D4D23DA4BB300CE768E /* AppDelegate.swift in Sources */,
				5F935D4F23DA4BB300CE768E /* SceneDelegate.swift in Sources */,
				5F935D6123DA4D7200CE768E /* GridViewModel.swift in Sources */,
				5F173E5323DF4BED00433C33 /* Animatable.swift in Sources */,
				5F935D6723DBB3D600CE768E /* GridView.swift in Sources */,
				5F935D6323DA4E2600CE768E /* UniqueMinHeap.swift in Sources */,
			);
			runOnlyForDeploymentPostprocessing = 0;
		};
/* End PBXSourcesBuildPhase section */

/* Begin PBXVariantGroup section */
		5F935D5723DA4BB900CE768E /* LaunchScreen.storyboard */ = {
			isa = PBXVariantGroup;
			children = (
				5F935D5823DA4BB900CE768E /* Base */,
			);
			name = LaunchScreen.storyboard;
			sourceTree = "<group>";
		};
/* End PBXVariantGroup section */

/* Begin XCBuildConfiguration section */
		5F935D5B23DA4BB900CE768E /* Debug */ = {
			isa = XCBuildConfiguration;
			buildSettings = {
				ALWAYS_SEARCH_USER_PATHS = NO;
				CLANG_ANALYZER_NONNULL = YES;
				CLANG_ANALYZER_NUMBER_OBJECT_CONVERSION = YES_AGGRESSIVE;
				CLANG_CXX_LANGUAGE_STANDARD = "gnu++14";
				CLANG_CXX_LIBRARY = "libc++";
				CLANG_ENABLE_MODULES = YES;
				CLANG_ENABLE_OBJC_ARC = YES;
				CLANG_ENABLE_OBJC_WEAK = YES;
				CLANG_WARN_BLOCK_CAPTURE_AUTORELEASING = YES;
				CLANG_WARN_BOOL_CONVERSION = YES;
				CLANG_WARN_COMMA = YES;
				CLANG_WARN_CONSTANT_CONVERSION = YES;
				CLANG_WARN_DEPRECATED_OBJC_IMPLEMENTATIONS = YES;
				CLANG_WARN_DIRECT_OBJC_ISA_USAGE = YES_ERROR;
				CLANG_WARN_DOCUMENTATION_COMMENTS = YES;
				CLANG_WARN_EMPTY_BODY = YES;
				CLANG_WARN_ENUM_CONVERSION = YES;
				CLANG_WARN_INFINITE_RECURSION = YES;
				CLANG_WARN_INT_CONVERSION = YES;
				CLANG_WARN_NON_LITERAL_NULL_CONVERSION = YES;
				CLANG_WARN_OBJC_IMPLICIT_RETAIN_SELF = YES;
				CLANG_WARN_OBJC_LITERAL_CONVERSION = YES;
				CLANG_WARN_OBJC_ROOT_CLASS = YES_ERROR;
				CLANG_WARN_RANGE_LOOP_ANALYSIS = YES;
				CLANG_WARN_STRICT_PROTOTYPES = YES;
				CLANG_WARN_SUSPICIOUS_MOVE = YES;
				CLANG_WARN_UNGUARDED_AVAILABILITY = YES_AGGRESSIVE;
				CLANG_WARN_UNREACHABLE_CODE = YES;
				CLANG_WARN__DUPLICATE_METHOD_MATCH = YES;
				COPY_PHASE_STRIP = NO;
				DEBUG_INFORMATION_FORMAT = dwarf;
				ENABLE_STRICT_OBJC_MSGSEND = YES;
				ENABLE_TESTABILITY = YES;
				GCC_C_LANGUAGE_STANDARD = gnu11;
				GCC_DYNAMIC_NO_PIC = NO;
				GCC_NO_COMMON_BLOCKS = YES;
				GCC_OPTIMIZATION_LEVEL = 0;
				GCC_PREPROCESSOR_DEFINITIONS = (
					"DEBUG=1",
					"$(inherited)",
				);
				GCC_WARN_64_TO_32_BIT_CONVERSION = YES;
				GCC_WARN_ABOUT_RETURN_TYPE = YES_ERROR;
				GCC_WARN_UNDECLARED_SELECTOR = YES;
				GCC_WARN_UNINITIALIZED_AUTOS = YES_AGGRESSIVE;
				GCC_WARN_UNUSED_FUNCTION = YES;
				GCC_WARN_UNUSED_VARIABLE = YES;
				IPHONEOS_DEPLOYMENT_TARGET = 13.2;
				MTL_ENABLE_DEBUG_INFO = INCLUDE_SOURCE;
				MTL_FAST_MATH = YES;
				ONLY_ACTIVE_ARCH = YES;
				SDKROOT = iphoneos;
				SWIFT_ACTIVE_COMPILATION_CONDITIONS = DEBUG;
				SWIFT_OPTIMIZATION_LEVEL = "-Onone";
			};
			name = Debug;
		};
		5F935D5C23DA4BB900CE768E /* Release */ = {
			isa = XCBuildConfiguration;
			buildSettings = {
				ALWAYS_SEARCH_USER_PATHS = NO;
				CLANG_ANALYZER_NONNULL = YES;
				CLANG_ANALYZER_NUMBER_OBJECT_CONVERSION = YES_AGGRESSIVE;
				CLANG_CXX_LANGUAGE_STANDARD = "gnu++14";
				CLANG_CXX_LIBRARY = "libc++";
				CLANG_ENABLE_MODULES = YES;
				CLANG_ENABLE_OBJC_ARC = YES;
				CLANG_ENABLE_OBJC_WEAK = YES;
				CLANG_WARN_BLOCK_CAPTURE_AUTORELEASING = YES;
				CLANG_WARN_BOOL_CONVERSION = YES;
				CLANG_WARN_COMMA = YES;
				CLANG_WARN_CONSTANT_CONVERSION = YES;
				CLANG_WARN_DEPRECATED_OBJC_IMPLEMENTATIONS = YES;
				CLANG_WARN_DIRECT_OBJC_ISA_USAGE = YES_ERROR;
				CLANG_WARN_DOCUMENTATION_COMMENTS = YES;
				CLANG_WARN_EMPTY_BODY = YES;
				CLANG_WARN_ENUM_CONVERSION = YES;
				CLANG_WARN_INFINITE_RECURSION = YES;
				CLANG_WARN_INT_CONVERSION = YES;
				CLANG_WARN_NON_LITERAL_NULL_CONVERSION = YES;
				CLANG_WARN_OBJC_IMPLICIT_RETAIN_SELF = YES;
				CLANG_WARN_OBJC_LITERAL_CONVERSION = YES;
				CLANG_WARN_OBJC_ROOT_CLASS = YES_ERROR;
				CLANG_WARN_RANGE_LOOP_ANALYSIS = YES;
				CLANG_WARN_STRICT_PROTOTYPES = YES;
				CLANG_WARN_SUSPICIOUS_MOVE = YES;
				CLANG_WARN_UNGUARDED_AVAILABILITY = YES_AGGRESSIVE;
				CLANG_WARN_UNREACHABLE_CODE = YES;
				CLANG_WARN__DUPLICATE_METHOD_MATCH = YES;
				COPY_PHASE_STRIP = NO;
				DEBUG_INFORMATION_FORMAT = "dwarf-with-dsym";
				ENABLE_NS_ASSERTIONS = NO;
				ENABLE_STRICT_OBJC_MSGSEND = YES;
				GCC_C_LANGUAGE_STANDARD = gnu11;
				GCC_NO_COMMON_BLOCKS = YES;
				GCC_WARN_64_TO_32_BIT_CONVERSION = YES;
				GCC_WARN_ABOUT_RETURN_TYPE = YES_ERROR;
				GCC_WARN_UNDECLARED_SELECTOR = YES;
				GCC_WARN_UNINITIALIZED_AUTOS = YES_AGGRESSIVE;
				GCC_WARN_UNUSED_FUNCTION = YES;
				GCC_WARN_UNUSED_VARIABLE = YES;
				IPHONEOS_DEPLOYMENT_TARGET = 13.2;
				MTL_ENABLE_DEBUG_INFO = NO;
				MTL_FAST_MATH = YES;
				SDKROOT = iphoneos;
				SWIFT_COMPILATION_MODE = wholemodule;
				SWIFT_OPTIMIZATION_LEVEL = "-O";
				VALIDATE_PRODUCT = YES;
			};
			name = Release;
		};
		5F935D5E23DA4BB900CE768E /* Debug */ = {
			isa = XCBuildConfiguration;
			buildSettings = {
				ASSETCATALOG_COMPILER_APPICON_NAME = AppIcon;
				CODE_SIGN_STYLE = Automatic;
				DEVELOPMENT_TEAM = KBN4UJJ564;
				INFOPLIST_FILE = PathFinder/Info.plist;
				LD_RUNPATH_SEARCH_PATHS = (
					"$(inherited)",
					"@executable_path/Frameworks",
				);
				PRODUCT_BUNDLE_IDENTIFIER = com.SamsonLLC.PathFinder;
				PRODUCT_NAME = "$(TARGET_NAME)";
				SWIFT_VERSION = 5.0;
				TARGETED_DEVICE_FAMILY = "1,2";
			};
			name = Debug;
		};
		5F935D5F23DA4BB900CE768E /* Release */ = {
			isa = XCBuildConfiguration;
			buildSettings = {
				ASSETCATALOG_COMPILER_APPICON_NAME = AppIcon;
				CODE_SIGN_STYLE = Automatic;
				DEVELOPMENT_TEAM = KBN4UJJ564;
				INFOPLIST_FILE = PathFinder/Info.plist;
				LD_RUNPATH_SEARCH_PATHS = (
					"$(inherited)",
					"@executable_path/Frameworks",
				);
				PRODUCT_BUNDLE_IDENTIFIER = com.SamsonLLC.PathFinder;
				PRODUCT_NAME = "$(TARGET_NAME)";
				SWIFT_VERSION = 5.0;
				TARGETED_DEVICE_FAMILY = "1,2";
			};
			name = Release;
		};
/* End XCBuildConfiguration section */

/* Begin XCConfigurationList section */
		5F935D4423DA4BB300CE768E /* Build configuration list for PBXProject "PathFinder" */ = {
			isa = XCConfigurationList;
			buildConfigurations = (
				5F935D5B23DA4BB900CE768E /* Debug */,
				5F935D5C23DA4BB900CE768E /* Release */,
			);
			defaultConfigurationIsVisible = 0;
			defaultConfigurationName = Release;
		};
		5F935D5D23DA4BB900CE768E /* Build configuration list for PBXNativeTarget "PathFinder" */ = {
			isa = XCConfigurationList;
			buildConfigurations = (
				5F935D5E23DA4BB900CE768E /* Debug */,
				5F935D5F23DA4BB900CE768E /* Release */,
			);
			defaultConfigurationIsVisible = 0;
			defaultConfigurationName = Release;
		};
/* End XCConfigurationList section */
	};
	rootObject = 5F935D4123DA4BB300CE768E /* Project object */;
}
